// !$*UTF8*$!
{
	archiveVersion = 1;
	classes = {
	};
	objectVersion = 46;
	objects = {

/* Begin PBXAggregateTarget section */
		24416B8111C4CA220047AFDD /* Build & Test */ = {
			isa = PBXAggregateTarget;
			buildConfigurationList = 24416B8A11C4CA520047AFDD /* Build configuration list for PBXAggregateTarget "Build & Test" */;
			buildPhases = (
				24416B8011C4CA220047AFDD /* ShellScript */,
			);
			dependencies = (
				BCD849051F8CF5C5009A90B9 /* PBXTargetDependency */,
			);
			name = "Build & Test";
			productName = "Build & test";
		};
/* End PBXAggregateTarget section */

/* Begin PBXBuildFile section */
		24DD6CF91134B3F500162E58 /* ComPlotprojectsTiModule.h in Headers */ = {isa = PBXBuildFile; fileRef = 24DD6CF71134B3F500162E58 /* ComPlotprojectsTiModule.h */; };
		24DD6CFA1134B3F500162E58 /* ComPlotprojectsTiModule.m in Sources */ = {isa = PBXBuildFile; fileRef = 24DD6CF81134B3F500162E58 /* ComPlotprojectsTiModule.m */; };
		24DE9E1111C5FE74003F90F6 /* ComPlotprojectsTiModuleAssets.h in Headers */ = {isa = PBXBuildFile; fileRef = 24DE9E0F11C5FE74003F90F6 /* ComPlotprojectsTiModuleAssets.h */; };
		24DE9E1211C5FE74003F90F6 /* ComPlotprojectsTiModuleAssets.m in Sources */ = {isa = PBXBuildFile; fileRef = 24DE9E1011C5FE74003F90F6 /* ComPlotprojectsTiModuleAssets.m */; };
		4D2C68F51AD415270007E0E5 /* ComPlotprojectsTiGeotriggerHandler.h in Headers */ = {isa = PBXBuildFile; fileRef = 4D2C68F31AD415270007E0E5 /* ComPlotprojectsTiGeotriggerHandler.h */; };
		4D2C68F61AD415270007E0E5 /* ComPlotprojectsTiGeotriggerHandler.m in Sources */ = {isa = PBXBuildFile; fileRef = 4D2C68F41AD415270007E0E5 /* ComPlotprojectsTiGeotriggerHandler.m */; };
		4D559F66193E034A000FDF24 /* ComPlotprojectsTiNotificationFilter.h in Headers */ = {isa = PBXBuildFile; fileRef = 4D559F64193E034A000FDF24 /* ComPlotprojectsTiNotificationFilter.h */; };
		4D559F67193E034A000FDF24 /* ComPlotprojectsTiNotificationFilter.m in Sources */ = {isa = PBXBuildFile; fileRef = 4D559F65193E034A000FDF24 /* ComPlotprojectsTiNotificationFilter.m */; };
		4DE408541F99ED4900EA389B /* ComPlotprojectsTiConversions.h in Headers */ = {isa = PBXBuildFile; fileRef = 4DE408521F99ED4900EA389B /* ComPlotprojectsTiConversions.h */; };
		4DE408551F99ED4900EA389B /* ComPlotprojectsTiConversions.m in Sources */ = {isa = PBXBuildFile; fileRef = 4DE408531F99ED4900EA389B /* ComPlotprojectsTiConversions.m */; };
		AA747D9F0F9514B9006C5449 /* ComPlotprojectsTi_Prefix.pch in Headers */ = {isa = PBXBuildFile; fileRef = AA747D9E0F9514B9006C5449 /* ComPlotprojectsTi_Prefix.pch */; };
		AACBBE4A0F95108600F1A2B1 /* Foundation.framework in Frameworks */ = {isa = PBXBuildFile; fileRef = AACBBE490F95108600F1A2B1 /* Foundation.framework */; };
		BC2A60201F8E484D00482203 /* PlotProjects.framework in Frameworks */ = {isa = PBXBuildFile; fileRef = BC2A601F1F8E480F00482203 /* PlotProjects.framework */; };
		BCD848FD1F853208009A90B9 /* UserNotifications.framework in Frameworks */ = {isa = PBXBuildFile; fileRef = BCD848FC1F853208009A90B9 /* UserNotifications.framework */; };
		BCD849001F862868009A90B9 /* ComPlotprojectsTiPlotDelegate.h in Headers */ = {isa = PBXBuildFile; fileRef = BCD848FE1F862868009A90B9 /* ComPlotprojectsTiPlotDelegate.h */; };
		BCD849011F862868009A90B9 /* ComPlotprojectsTiPlotDelegate.m in Sources */ = {isa = PBXBuildFile; fileRef = BCD848FF1F862868009A90B9 /* ComPlotprojectsTiPlotDelegate.m */; };
/* End PBXBuildFile section */

/* Begin PBXContainerItemProxy section */
		BCD849041F8CF5C5009A90B9 /* PBXContainerItemProxy */ = {
			isa = PBXContainerItemProxy;
			containerPortal = 0867D690FE84028FC02AAC07 /* Project object */;
			proxyType = 1;
			remoteGlobalIDString = D2AAC07D0554694100DB518D;
			remoteInfo = "plot-plugin-module";
		};
/* End PBXContainerItemProxy section */

/* Begin PBXFileReference section */
		24DD6CF71134B3F500162E58 /* ComPlotprojectsTiModule.h */ = {isa = PBXFileReference; fileEncoding = 4; lastKnownFileType = sourcecode.c.h; name = ComPlotprojectsTiModule.h; path = Classes/ComPlotprojectsTiModule.h; sourceTree = "<group>"; };
		24DD6CF81134B3F500162E58 /* ComPlotprojectsTiModule.m */ = {isa = PBXFileReference; fileEncoding = 4; lastKnownFileType = sourcecode.c.objc; name = ComPlotprojectsTiModule.m; path = Classes/ComPlotprojectsTiModule.m; sourceTree = "<group>"; };
		24DD6D1B1134B66800162E58 /* titanium.xcconfig */ = {isa = PBXFileReference; fileEncoding = 4; lastKnownFileType = text.xcconfig; path = titanium.xcconfig; sourceTree = "<group>"; };
		24DE9E0F11C5FE74003F90F6 /* ComPlotprojectsTiModuleAssets.h */ = {isa = PBXFileReference; fileEncoding = 4; lastKnownFileType = sourcecode.c.h; name = ComPlotprojectsTiModuleAssets.h; path = Classes/ComPlotprojectsTiModuleAssets.h; sourceTree = "<group>"; };
		24DE9E1011C5FE74003F90F6 /* ComPlotprojectsTiModuleAssets.m */ = {isa = PBXFileReference; fileEncoding = 4; lastKnownFileType = sourcecode.c.objc; name = ComPlotprojectsTiModuleAssets.m; path = Classes/ComPlotprojectsTiModuleAssets.m; sourceTree = "<group>"; };
		4D2C68F31AD415270007E0E5 /* ComPlotprojectsTiGeotriggerHandler.h */ = {isa = PBXFileReference; fileEncoding = 4; lastKnownFileType = sourcecode.c.h; name = ComPlotprojectsTiGeotriggerHandler.h; path = Classes/ComPlotprojectsTiGeotriggerHandler.h; sourceTree = "<group>"; };
		4D2C68F41AD415270007E0E5 /* ComPlotprojectsTiGeotriggerHandler.m */ = {isa = PBXFileReference; fileEncoding = 4; lastKnownFileType = sourcecode.c.objc; name = ComPlotprojectsTiGeotriggerHandler.m; path = Classes/ComPlotprojectsTiGeotriggerHandler.m; sourceTree = "<group>"; };
		4D559F64193E034A000FDF24 /* ComPlotprojectsTiNotificationFilter.h */ = {isa = PBXFileReference; fileEncoding = 4; lastKnownFileType = sourcecode.c.h; name = ComPlotprojectsTiNotificationFilter.h; path = Classes/ComPlotprojectsTiNotificationFilter.h; sourceTree = "<group>"; };
		4D559F65193E034A000FDF24 /* ComPlotprojectsTiNotificationFilter.m */ = {isa = PBXFileReference; fileEncoding = 4; lastKnownFileType = sourcecode.c.objc; name = ComPlotprojectsTiNotificationFilter.m; path = Classes/ComPlotprojectsTiNotificationFilter.m; sourceTree = "<group>"; };
		4D6A19F31F9E2EF60064F05C /* ComPlotprojectsTiImport.h */ = {isa = PBXFileReference; lastKnownFileType = sourcecode.c.h; path = ComPlotprojectsTiImport.h; sourceTree = "<group>"; };
		4DE408521F99ED4900EA389B /* ComPlotprojectsTiConversions.h */ = {isa = PBXFileReference; lastKnownFileType = sourcecode.c.h; path = ComPlotprojectsTiConversions.h; sourceTree = "<group>"; };
		4DE408531F99ED4900EA389B /* ComPlotprojectsTiConversions.m */ = {isa = PBXFileReference; lastKnownFileType = sourcecode.c.objc; path = ComPlotprojectsTiConversions.m; sourceTree = "<group>"; };
		AA747D9E0F9514B9006C5449 /* ComPlotprojectsTi_Prefix.pch */ = {isa = PBXFileReference; fileEncoding = 4; lastKnownFileType = sourcecode.c.h; path = ComPlotprojectsTi_Prefix.pch; sourceTree = SOURCE_ROOT; };
		AACBBE490F95108600F1A2B1 /* Foundation.framework */ = {isa = PBXFileReference; lastKnownFileType = wrapper.framework; name = Foundation.framework; path = System/Library/Frameworks/Foundation.framework; sourceTree = SDKROOT; };
		BC2A601B1F8D29F000482203 /* PlotProjects.framework */ = {isa = PBXFileReference; lastKnownFileType = wrapper.framework; name = PlotProjects.framework; path = platform/PlotProjects.framework; sourceTree = "<group>"; };
		BC2A601D1F8E159300482203 /* UserNotifications.framework */ = {isa = PBXFileReference; lastKnownFileType = wrapper.framework; name = UserNotifications.framework; path = System/Library/Frameworks/UserNotifications.framework; sourceTree = SDKROOT; };
		BC2A601F1F8E480F00482203 /* PlotProjects.framework */ = {isa = PBXFileReference; lastKnownFileType = wrapper.framework; name = PlotProjects.framework; path = platform/PlotProjects.framework; sourceTree = "<group>"; };
		BCD848FC1F853208009A90B9 /* UserNotifications.framework */ = {isa = PBXFileReference; lastKnownFileType = wrapper.framework; name = UserNotifications.framework; path = System/Library/Frameworks/UserNotifications.framework; sourceTree = SDKROOT; };
		BCD848FE1F862868009A90B9 /* ComPlotprojectsTiPlotDelegate.h */ = {isa = PBXFileReference; lastKnownFileType = sourcecode.c.h; name = ComPlotprojectsTiPlotDelegate.h; path = Classes/ComPlotprojectsTiPlotDelegate.h; sourceTree = "<group>"; };
		BCD848FF1F862868009A90B9 /* ComPlotprojectsTiPlotDelegate.m */ = {isa = PBXFileReference; lastKnownFileType = sourcecode.c.objc; name = ComPlotprojectsTiPlotDelegate.m; path = Classes/ComPlotprojectsTiPlotDelegate.m; sourceTree = "<group>"; };
		D2AAC07E0554694100DB518D /* libComPlotProjectsTi.a */ = {isa = PBXFileReference; explicitFileType = archive.ar; includeInIndex = 0; path = libComPlotProjectsTi.a; sourceTree = BUILT_PRODUCTS_DIR; };
/* End PBXFileReference section */

/* Begin PBXFrameworksBuildPhase section */
		D2AAC07C0554694100DB518D /* Frameworks */ = {
			isa = PBXFrameworksBuildPhase;
			buildActionMask = 2147483647;
			files = (
				AACBBE4A0F95108600F1A2B1 /* Foundation.framework in Frameworks */,
				BCD848FD1F853208009A90B9 /* UserNotifications.framework in Frameworks */,
				BC2A60201F8E484D00482203 /* PlotProjects.framework in Frameworks */,
			);
			runOnlyForDeploymentPostprocessing = 0;
		};
/* End PBXFrameworksBuildPhase section */

/* Begin PBXGroup section */
		034768DFFF38A50411DB9C8B /* Products */ = {
			isa = PBXGroup;
			children = (
				D2AAC07E0554694100DB518D /* libComPlotProjectsTi.a */,
			);
			name = Products;
			sourceTree = "<group>";
		};
		0867D691FE84028FC02AAC07 /* plot-ios-module */ = {
			isa = PBXGroup;
			children = (
				BC2A601F1F8E480F00482203 /* PlotProjects.framework */,
				BC2A601D1F8E159300482203 /* UserNotifications.framework */,
				08FB77AEFE84172EC02AAC07 /* Classes */,
				32C88DFF0371C24200C91783 /* Other Sources */,
				0867D69AFE84028FC02AAC07 /* Frameworks */,
				034768DFFF38A50411DB9C8B /* Products */,
			);
			name = "plot-ios-module";
			sourceTree = "<group>";
		};
		0867D69AFE84028FC02AAC07 /* Frameworks */ = {
			isa = PBXGroup;
			children = (
				BC2A601B1F8D29F000482203 /* PlotProjects.framework */,
				BCD848FC1F853208009A90B9 /* UserNotifications.framework */,
				AACBBE490F95108600F1A2B1 /* Foundation.framework */,
			);
			name = Frameworks;
			sourceTree = "<group>";
		};
		08FB77AEFE84172EC02AAC07 /* Classes */ = {
			isa = PBXGroup;
			children = (
				4DE408521F99ED4900EA389B /* ComPlotprojectsTiConversions.h */,
				4DE408531F99ED4900EA389B /* ComPlotprojectsTiConversions.m */,
				4D2C68F31AD415270007E0E5 /* ComPlotprojectsTiGeotriggerHandler.h */,
				4D2C68F41AD415270007E0E5 /* ComPlotprojectsTiGeotriggerHandler.m */,
				4D6A19F31F9E2EF60064F05C /* ComPlotprojectsTiImport.h */,
				24DD6CF71134B3F500162E58 /* ComPlotprojectsTiModule.h */,
				24DD6CF81134B3F500162E58 /* ComPlotprojectsTiModule.m */,
				24DE9E0F11C5FE74003F90F6 /* ComPlotprojectsTiModuleAssets.h */,
				24DE9E1011C5FE74003F90F6 /* ComPlotprojectsTiModuleAssets.m */,
				4D559F64193E034A000FDF24 /* ComPlotprojectsTiNotificationFilter.h */,
				4D559F65193E034A000FDF24 /* ComPlotprojectsTiNotificationFilter.m */,
				BCD848FE1F862868009A90B9 /* ComPlotprojectsTiPlotDelegate.h */,
				BCD848FF1F862868009A90B9 /* ComPlotprojectsTiPlotDelegate.m */,
			);
			name = Classes;
			sourceTree = "<group>";
		};
		32C88DFF0371C24200C91783 /* Other Sources */ = {
			isa = PBXGroup;
			children = (
				AA747D9E0F9514B9006C5449 /* ComPlotprojectsTi_Prefix.pch */,
				24DD6D1B1134B66800162E58 /* titanium.xcconfig */,
			);
			name = "Other Sources";
			sourceTree = "<group>";
		};
/* End PBXGroup section */

/* Begin PBXHeadersBuildPhase section */
		D2AAC07A0554694100DB518D /* Headers */ = {
			isa = PBXHeadersBuildPhase;
			buildActionMask = 2147483647;
			files = (
				4D559F66193E034A000FDF24 /* ComPlotprojectsTiNotificationFilter.h in Headers */,
				AA747D9F0F9514B9006C5449 /* ComPlotprojectsTi_Prefix.pch in Headers */,
				4DE408541F99ED4900EA389B /* ComPlotprojectsTiConversions.h in Headers */,
				24DD6CF91134B3F500162E58 /* ComPlotprojectsTiModule.h in Headers */,
				24DE9E1111C5FE74003F90F6 /* ComPlotprojectsTiModuleAssets.h in Headers */,
				4D2C68F51AD415270007E0E5 /* ComPlotprojectsTiGeotriggerHandler.h in Headers */,
				BCD849001F862868009A90B9 /* ComPlotprojectsTiPlotDelegate.h in Headers */,
			);
			runOnlyForDeploymentPostprocessing = 0;
		};
/* End PBXHeadersBuildPhase section */

/* Begin PBXNativeTarget section */
		D2AAC07D0554694100DB518D /* plot-plugin-module */ = {
			isa = PBXNativeTarget;
			buildConfigurationList = 1DEB921E08733DC00010E9CD /* Build configuration list for PBXNativeTarget "plot-plugin-module" */;
			buildPhases = (
				D2AAC07A0554694100DB518D /* Headers */,
				D2AAC07B0554694100DB518D /* Sources */,
				D2AAC07C0554694100DB518D /* Frameworks */,
			);
			buildRules = (
			);
			dependencies = (
			);
			name = "plot-plugin-module";
			productName = "plot-ios-module";
			productReference = D2AAC07E0554694100DB518D /* libComPlotProjectsTi.a */;
			productType = "com.apple.product-type.library.static";
		};
/* End PBXNativeTarget section */

/* Begin PBXProject section */
		0867D690FE84028FC02AAC07 /* Project object */ = {
			isa = PBXProject;
			attributes = {
				LastUpgradeCheck = 0900;
			};
			buildConfigurationList = 1DEB922208733DC00010E9CD /* Build configuration list for PBXProject "plot-plugin-module" */;
			compatibilityVersion = "Xcode 3.2";
			developmentRegion = English;
			hasScannedForEncodings = 1;
			knownRegions = (
				English,
				Japanese,
				French,
				German,
			);
			mainGroup = 0867D691FE84028FC02AAC07 /* plot-ios-module */;
			productRefGroup = 034768DFFF38A50411DB9C8B /* Products */;
			projectDirPath = "";
			projectRoot = "";
			targets = (
				D2AAC07D0554694100DB518D /* plot-plugin-module */,
				24416B8111C4CA220047AFDD /* Build & Test */,
			);
		};
/* End PBXProject section */

/* Begin PBXShellScriptBuildPhase section */
		24416B8011C4CA220047AFDD /* ShellScript */ = {
			isa = PBXShellScriptBuildPhase;
			buildActionMask = 2147483647;
			files = (
			);
			inputPaths = (
			);
			outputPaths = (
			);
			runOnlyForDeploymentPostprocessing = 0;
			shellPath = /bin/sh;
			shellScript = "# shell script goes here\n\npython \"${TITANIUM_SDK}/titanium.py\" run --dir=\"${PROJECT_DIR}\" min-ios-ver=\"5.0\"\nexit $?\n";
		};
/* End PBXShellScriptBuildPhase section */

/* Begin PBXSourcesBuildPhase section */
		D2AAC07B0554694100DB518D /* Sources */ = {
			isa = PBXSourcesBuildPhase;
			buildActionMask = 2147483647;
			files = (
				4D559F67193E034A000FDF24 /* ComPlotprojectsTiNotificationFilter.m in Sources */,
				4DE408551F99ED4900EA389B /* ComPlotprojectsTiConversions.m in Sources */,
				4D2C68F61AD415270007E0E5 /* ComPlotprojectsTiGeotriggerHandler.m in Sources */,
				BCD849011F862868009A90B9 /* ComPlotprojectsTiPlotDelegate.m in Sources */,
				24DD6CFA1134B3F500162E58 /* ComPlotprojectsTiModule.m in Sources */,
				24DE9E1211C5FE74003F90F6 /* ComPlotprojectsTiModuleAssets.m in Sources */,
			);
			runOnlyForDeploymentPostprocessing = 0;
		};
/* End PBXSourcesBuildPhase section */

/* Begin PBXTargetDependency section */
		BCD849051F8CF5C5009A90B9 /* PBXTargetDependency */ = {
			isa = PBXTargetDependency;
			target = D2AAC07D0554694100DB518D /* plot-plugin-module */;
			targetProxy = BCD849041F8CF5C5009A90B9 /* PBXContainerItemProxy */;
		};
/* End PBXTargetDependency section */

/* Begin XCBuildConfiguration section */
		1DEB921F08733DC00010E9CD /* Debug */ = {
			isa = XCBuildConfiguration;
			baseConfigurationReference = 24DD6D1B1134B66800162E58 /* titanium.xcconfig */;
			buildSettings = {
				CODE_SIGN_IDENTITY = "iPhone Developer";
				"CODE_SIGN_IDENTITY[sdk=iphoneos*]" = "iPhone Developer";
				DSTROOT = /tmp/ComPlotprojectsTi.dst;
				FRAMEWORK_SEARCH_PATHS = (
					"$(inherited)",
					"$(PROJECT_DIR)",
					"$(PROJECT_DIR)/platform",
				);
				GCC_C_LANGUAGE_STANDARD = c99;
				GCC_OPTIMIZATION_LEVEL = 0;
				GCC_PRECOMPILE_PREFIX_HEADER = YES;
				GCC_PREFIX_HEADER = ComPlotprojectsTi_Prefix.pch;
				GCC_PREPROCESSOR_DEFINITIONS = "TI_VERSION=$(TI_VERSION)";
				GCC_TREAT_WARNINGS_AS_ERRORS = NO;
				GCC_VERSION = "";
				GCC_WARN_ABOUT_RETURN_TYPE = NO;
				GCC_WARN_MISSING_PARENTHESES = NO;
				GCC_WARN_SHADOW = NO;
				GCC_WARN_STRICT_SELECTOR_MATCH = NO;
				GCC_WARN_UNUSED_FUNCTION = YES;
				GCC_WARN_UNUSED_PARAMETER = NO;
				GCC_WARN_UNUSED_VALUE = NO;
				GCC_WARN_UNUSED_VARIABLE = NO;
				INSTALL_PATH = /usr/local/lib;
				IPHONEOS_DEPLOYMENT_TARGET = 10.0;
				LIBRARY_SEARCH_PATHS = (
					"/Users/cas/Titanium_Studio_Workspace/plot-ios-module",
					/Users/cas/Titanium_Studio_Workspace/plot/ios,
					"$(PROJECT_DIR)",
				);
				OTHER_CFLAGS = (
					"-DDEBUG",
					"-DTI_POST_1_2",
				);
				OTHER_LDFLAGS = "-ObjC";
				PRODUCT_BUNDLE_IDENTIFIER = "";
				PRODUCT_NAME = ComPlotProjectsTi;
				PROVISIONING_PROFILE = "";
				"PROVISIONING_PROFILE[sdk=iphoneos*]" = "";
				RUN_CLANG_STATIC_ANALYZER = NO;
				SDKROOT = iphoneos;
				USER_HEADER_SEARCH_PATHS = "";
				VALID_ARCHS = "arm64 armv7 armv7s x86_64 i386";
			};
			name = Debug;
		};
		1DEB922008733DC00010E9CD /* Release */ = {
			isa = XCBuildConfiguration;
			baseConfigurationReference = 24DD6D1B1134B66800162E58 /* titanium.xcconfig */;
			buildSettings = {
				ALWAYS_SEARCH_USER_PATHS = NO;
				DSTROOT = /tmp/ComPlotprojectsTi.dst;
				FRAMEWORK_SEARCH_PATHS = (
					"$(inherited)",
					"$(PROJECT_DIR)",
					"$(PROJECT_DIR)/platform",
				);
				GCC_C_LANGUAGE_STANDARD = c99;
				GCC_MODEL_TUNING = G5;
				GCC_PRECOMPILE_PREFIX_HEADER = YES;
				GCC_PREFIX_HEADER = ComPlotprojectsTi_Prefix.pch;
				GCC_PREPROCESSOR_DEFINITIONS = "TI_VERSION=$(TI_VERSION)";
				GCC_TREAT_WARNINGS_AS_ERRORS = NO;
				GCC_VERSION = "";
				GCC_WARN_ABOUT_RETURN_TYPE = NO;
				GCC_WARN_MISSING_PARENTHESES = NO;
				GCC_WARN_SHADOW = NO;
				GCC_WARN_STRICT_SELECTOR_MATCH = NO;
				GCC_WARN_UNUSED_FUNCTION = YES;
				GCC_WARN_UNUSED_PARAMETER = NO;
				GCC_WARN_UNUSED_VALUE = NO;
				GCC_WARN_UNUSED_VARIABLE = NO;
				INSTALL_PATH = /usr/local/lib;
				IPHONEOS_DEPLOYMENT_TARGET = 10.0;
				LIBRARY_SEARCH_PATHS = (
					"/Users/cas/Titanium_Studio_Workspace/plot-ios-module",
					/Users/cas/Titanium_Studio_Workspace/plot/ios,
					"$(PROJECT_DIR)",
				);
				OTHER_CFLAGS = "-DTI_POST_1_2";
				OTHER_LDFLAGS = "-ObjC";
				PRODUCT_BUNDLE_IDENTIFIER = "";
				PRODUCT_NAME = ComPlotProjectsTi;
				RUN_CLANG_STATIC_ANALYZER = NO;
				SDKROOT = iphoneos;
				USER_HEADER_SEARCH_PATHS = "";
				VALID_ARCHS = "arm64 armv7 armv7s x86_64 i386";
			};
			name = Release;
		};
		1DEB922308733DC00010E9CD /* Debug */ = {
			isa = XCBuildConfiguration;
			baseConfigurationReference = 24DD6D1B1134B66800162E58 /* titanium.xcconfig */;
			buildSettings = {
				CLANG_ANALYZER_LOCALIZABILITY_NONLOCALIZED = YES;
				CLANG_ENABLE_OBJC_ARC = YES;
				CLANG_WARN_BLOCK_CAPTURE_AUTORELEASING = YES;
				CLANG_WARN_BOOL_CONVERSION = YES;
				CLANG_WARN_COMMA = YES;
				CLANG_WARN_CONSTANT_CONVERSION = YES;
				CLANG_WARN_EMPTY_BODY = YES;
				CLANG_WARN_ENUM_CONVERSION = YES;
				CLANG_WARN_INFINITE_RECURSION = YES;
				CLANG_WARN_INT_CONVERSION = YES;
				CLANG_WARN_NON_LITERAL_NULL_CONVERSION = YES;
				CLANG_WARN_OBJC_LITERAL_CONVERSION = YES;
				CLANG_WARN_RANGE_LOOP_ANALYSIS = YES;
				CLANG_WARN_STRICT_PROTOTYPES = YES;
				CLANG_WARN_SUSPICIOUS_MOVE = YES;
				CLANG_WARN_UNREACHABLE_CODE = YES;
				CLANG_WARN__DUPLICATE_METHOD_MATCH = YES;
				CODE_SIGN_IDENTITY = "iPhone Developer";
				"CODE_SIGN_IDENTITY[sdk=iphoneos*]" = "iPhone Developer";
				DSTROOT = /tmp/ComPlotprojectsTi.dst;
				ENABLE_STRICT_OBJC_MSGSEND = YES;
				ENABLE_TESTABILITY = YES;
				GCC_NO_COMMON_BLOCKS = YES;
				GCC_OPTIMIZATION_LEVEL = 0;
				GCC_PRECOMPILE_PREFIX_HEADER = YES;
				GCC_PREFIX_HEADER = ComPlotprojectsTi_Prefix.pch;
				GCC_PREPROCESSOR_DEFINITIONS = "TI_VERSION=$(TI_VERSION)";
				GCC_TREAT_WARNINGS_AS_ERRORS = NO;
				GCC_WARN_64_TO_32_BIT_CONVERSION = YES;
				GCC_WARN_ABOUT_RETURN_TYPE = NO;
				GCC_WARN_MISSING_PARENTHESES = NO;
				GCC_WARN_SHADOW = NO;
				GCC_WARN_STRICT_SELECTOR_MATCH = NO;
				GCC_WARN_UNDECLARED_SELECTOR = YES;
				GCC_WARN_UNINITIALIZED_AUTOS = YES;
				GCC_WARN_UNUSED_FUNCTION = YES;
				GCC_WARN_UNUSED_PARAMETER = NO;
				GCC_WARN_UNUSED_VALUE = NO;
				GCC_WARN_UNUSED_VARIABLE = NO;
				INSTALL_PATH = /usr/local/lib;
				IPHONEOS_DEPLOYMENT_TARGET = 10.0;
				ONLY_ACTIVE_ARCH = YES;
				OTHER_CFLAGS = (
					"-DDEBUG",
					"-DTI_POST_1_2",
				);
				OTHER_LDFLAGS = "-ObjC";
				PRODUCT_NAME = ComPlotProjectsTi;
				PROVISIONING_PROFILE = "";
				"PROVISIONING_PROFILE[sdk=iphoneos*]" = "";
				RUN_CLANG_STATIC_ANALYZER = NO;
				SDKROOT = iphoneos;
				USER_HEADER_SEARCH_PATHS = "";
				VALID_ARCHS = "arm64 armv7 armv7s i386 x86_64";
			};
			name = Debug;
		};
		1DEB922408733DC00010E9CD /* Release */ = {
			isa = XCBuildConfiguration;
			baseConfigurationReference = 24DD6D1B1134B66800162E58 /* titanium.xcconfig */;
			buildSettings = {
				ALWAYS_SEARCH_USER_PATHS = NO;
				CLANG_ANALYZER_LOCALIZABILITY_NONLOCALIZED = YES;
				CLANG_ENABLE_OBJC_ARC = YES;
				CLANG_WARN_BLOCK_CAPTURE_AUTORELEASING = YES;
				CLANG_WARN_BOOL_CONVERSION = YES;
				CLANG_WARN_COMMA = YES;
				CLANG_WARN_CONSTANT_CONVERSION = YES;
				CLANG_WARN_EMPTY_BODY = YES;
				CLANG_WARN_ENUM_CONVERSION = YES;
				CLANG_WARN_INFINITE_RECURSION = YES;
				CLANG_WARN_INT_CONVERSION = YES;
				CLANG_WARN_NON_LITERAL_NULL_CONVERSION = YES;
				CLANG_WARN_OBJC_LITERAL_CONVERSION = YES;
				CLANG_WARN_RANGE_LOOP_ANALYSIS = YES;
				CLANG_WARN_STRICT_PROTOTYPES = YES;
				CLANG_WARN_SUSPICIOUS_MOVE = YES;
				CLANG_WARN_UNREACHABLE_CODE = YES;
				CLANG_WARN__DUPLICATE_METHOD_MATCH = YES;
				DSTROOT = /tmp/ComPlotprojectsTi.dst;
				ENABLE_STRICT_OBJC_MSGSEND = YES;
				GCC_MODEL_TUNING = G5;
				GCC_NO_COMMON_BLOCKS = YES;
				GCC_PRECOMPILE_PREFIX_HEADER = YES;
				GCC_PREFIX_HEADER = ComPlotprojectsTi_Prefix.pch;
				GCC_PREPROCESSOR_DEFINITIONS = "TI_VERSION=$(TI_VERSION)";
				GCC_TREAT_WARNINGS_AS_ERRORS = NO;
				GCC_WARN_64_TO_32_BIT_CONVERSION = YES;
				GCC_WARN_ABOUT_RETURN_TYPE = NO;
				GCC_WARN_MISSING_PARENTHESES = NO;
				GCC_WARN_SHADOW = NO;
				GCC_WARN_STRICT_SELECTOR_MATCH = NO;
				GCC_WARN_UNDECLARED_SELECTOR = YES;
				GCC_WARN_UNINITIALIZED_AUTOS = YES;
				GCC_WARN_UNUSED_FUNCTION = YES;
				GCC_WARN_UNUSED_PARAMETER = NO;
				GCC_WARN_UNUSED_VALUE = NO;
				GCC_WARN_UNUSED_VARIABLE = NO;
				INSTALL_PATH = /usr/local/lib;
				IPHONEOS_DEPLOYMENT_TARGET = 10.0;
				OTHER_CFLAGS = "-DTI_POST_1_2";
				OTHER_LDFLAGS = "-ObjC";
				PRODUCT_NAME = ComPlotProjectsTi;
				RUN_CLANG_STATIC_ANALYZER = NO;
				SDKROOT = iphoneos;
				USER_HEADER_SEARCH_PATHS = "";
				VALID_ARCHS = "arm64 armv7 armv7s i386 x86_64";
			};
			name = Release;
		};
		24416B8211C4CA220047AFDD /* Debug */ = {
			isa = XCBuildConfiguration;
			baseConfigurationReference = 24DD6D1B1134B66800162E58 /* titanium.xcconfig */;
			buildSettings = {
				BUNDLE_LOADER = "";
				COPY_PHASE_STRIP = NO;
				GCC_DYNAMIC_NO_PIC = NO;
				GCC_OPTIMIZATION_LEVEL = 0;
				PRODUCT_NAME = "Build & test";
				VALID_ARCHS = "arm64 armv7 armv7s x86_64 i386";
			};
			name = Debug;
		};
		24416B8311C4CA220047AFDD /* Release */ = {
			isa = XCBuildConfiguration;
			baseConfigurationReference = 24DD6D1B1134B66800162E58 /* titanium.xcconfig */;
			buildSettings = {
				BUNDLE_LOADER = "";
				COPY_PHASE_STRIP = NO;
				DEBUG_INFORMATION_FORMAT = "dwarf-with-dsym";
				GCC_ENABLE_FIX_AND_CONTINUE = NO;
				PRODUCT_NAME = "Build & test";
				VALID_ARCHS = "arm64 armv7 armv7s x86_64 i386";
				ZERO_LINK = NO;
			};
			name = Release;
		};
/* End XCBuildConfiguration section */

/* Begin XCConfigurationList section */
		1DEB921E08733DC00010E9CD /* Build configuration list for PBXNativeTarget "plot-plugin-module" */ = {
			isa = XCConfigurationList;
			buildConfigurations = (
				1DEB921F08733DC00010E9CD /* Debug */,
				1DEB922008733DC00010E9CD /* Release */,
			);
			defaultConfigurationIsVisible = 0;
			defaultConfigurationName = Release;
		};
		1DEB922208733DC00010E9CD /* Build configuration list for PBXProject "plot-plugin-module" */ = {
			isa = XCConfigurationList;
			buildConfigurations = (
				1DEB922308733DC00010E9CD /* Debug */,
				1DEB922408733DC00010E9CD /* Release */,
			);
			defaultConfigurationIsVisible = 0;
			defaultConfigurationName = Release;
		};
		24416B8A11C4CA520047AFDD /* Build configuration list for PBXAggregateTarget "Build & Test" */ = {
			isa = XCConfigurationList;
			buildConfigurations = (
				24416B8211C4CA220047AFDD /* Debug */,
				24416B8311C4CA220047AFDD /* Release */,
			);
			defaultConfigurationIsVisible = 0;
			defaultConfigurationName = Release;
		};
/* End XCConfigurationList section */
	};
	rootObject = 0867D690FE84028FC02AAC07 /* Project object */;
}
